
Microsoft Visual Studio Solution File, Format Version 11.00
# Visual Studio 2010
Project("{FAE04EC0-301F-11D3-BF4B-00C04F79EFBC}") = "Assembly-CSharp", "Assembly-CSharp.csproj", "{0ab603c2-1521-8209-8944-a1fff1828565}"
EndProject
Project("{FAE04EC0-301F-11D3-BF4B-00C04F79EFBC}") = "Assembly-CSharp-Editor", "Assembly-CSharp-Editor.csproj", "{c944f2b6-02aa-1a8d-09dd-ae279c81a18a}"
EndProject
Global
	GlobalSection(SolutionConfigurationPlatforms) = preSolution
		Debug|Any CPU = Debug|Any CPU
	EndGlobalSection
	GlobalSection(ProjectConfigurationPlatforms) = postSolution
		{0ab603c2-1521-8209-8944-a1fff1828565}.Debug|Any CPU.ActiveCfg = Debug|Any CPU
		{0ab603c2-1521-8209-8944-a1fff1828565}.Debug|Any CPU.Build.0 = Debug|Any CPU
		{c944f2b6-02aa-1a8d-09dd-ae279c81a18a}.Debug|Any CPU.ActiveCfg = Debug|Any CPU
		{c944f2b6-02aa-1a8d-09dd-ae279c81a18a}.Debug|Any CPU.Build.0 = Debug|Any CPU
	EndGlobalSection
	GlobalSection(SolutionProperties) = preSolution
		HideSolutionNode = FALSE
	EndGlobalSection
EndGlobal
